
Microsoft Visual Studio Solution File, Format Version 12.00
# Visual Studio Version 17
VisualStudioVersion = 17.9.34622.214
MinimumVisualStudioVersion = 10.0.40219.1
Project("{8BC9CEB8-8B4A-11D0-8D11-00A0C91BC942}") = "Helpermann Win 3", "Helpermann Win 3.vcxproj", "{1EFEC006-3574-4F6C-B98B-E850EB52996D}"
	ProjectSection(ProjectDependencies) = postProject
		{11983988-5B36-4E9D-BF38-877A25D9AE21} = {11983988-5B36-4E9D-BF38-877A25D9AE21}
	EndProjectSection
EndProject
Project("{8BC9CEB8-8B4A-11D0-8D11-00A0C91BC942}") = "HWGetter", "HWGetter.vcxproj", "{11983988-5B36-4E9D-BF38-877A25D9AE21}"
EndProject
Global
	GlobalSection(SolutionConfigurationPlatforms) = preSolution
		Debug|x64 = Debug|x64
		Debug|x86 = Debug|x86
		Release|x64 = Release|x64
		Release|x86 = Release|x86
	EndGlobalSection
	GlobalSection(ProjectConfigurationPlatforms) = postSolution
		{1EFEC006-3574-4F6C-B98B-E850EB52996D}.Debug|x64.ActiveCfg = Debug|x64
		{1EFEC006-3574-4F6C-B98B-E850EB52996D}.Debug|x64.Build.0 = Debug|x64
		{1EFEC006-3574-4F6C-B98B-E850EB52996D}.Debug|x86.ActiveCfg = Debug|Win32
		{1EFEC006-3574-4F6C-B98B-E850EB52996D}.Debug|x86.Build.0 = Debug|Win32
		{1EFEC006-3574-4F6C-B98B-E850EB52996D}.Release|x64.ActiveCfg = Release|x64
		{1EFEC006-3574-4F6C-B98B-E850EB52996D}.Release|x64.Build.0 = Release|x64
		{1EFEC006-3574-4F6C-B98B-E850EB52996D}.Release|x86.ActiveCfg = Release|Win32
		{1EFEC006-3574-4F6C-B98B-E850EB52996D}.Release|x86.Build.0 = Release|Win32
		{11983988-5B36-4E9D-BF38-877A25D9AE21}.Debug|x64.ActiveCfg = Debug|x64
		{11983988-5B36-4E9D-BF38-877A25D9AE21}.Debug|x64.Build.0 = Debug|x64
		{11983988-5B36-4E9D-BF38-877A25D9AE21}.Debug|x86.ActiveCfg = Debug|Win32
		{11983988-5B36-4E9D-BF38-877A25D9AE21}.Debug|x86.Build.0 = Debug|Win32
		{11983988-5B36-4E9D-BF38-877A25D9AE21}.Release|x64.ActiveCfg = Release|x64
		{11983988-5B36-4E9D-BF38-877A25D9AE21}.Release|x64.Build.0 = Release|x64
		{11983988-5B36-4E9D-BF38-877A25D9AE21}.Release|x86.ActiveCfg = Release|Win32
		{11983988-5B36-4E9D-BF38-877A25D9AE21}.Release|x86.Build.0 = Release|Win32
	EndGlobalSection
	GlobalSection(SolutionProperties) = preSolution
		HideSolutionNode = FALSE
	EndGlobalSection
	GlobalSection(ExtensibilityGlobals) = postSolution
		SolutionGuid = {732C5979-55C2-4AD8-8387-AB4A587EF29A}
	EndGlobalSection
EndGlobal
